
Microsoft Visual Studio Solution File, Format Version 12.00
# Visual Studio Version 17
VisualStudioVersion = 17.7.34018.315
MinimumVisualStudioVersion = 10.0.40219.1
Project("{9A19103F-16F7-4668-BE54-9A1E7A4F7556}") = "CompanyHR", "CompanyHR\CompanyHR.csproj", "{7EF73A13-CA21-41C7-A8F2-AC7B781E0B19}"
EndProject
Project("{9A19103F-16F7-4668-BE54-9A1E7A4F7556}") = "Contracts", "Contracts\Contracts.csproj", "{6CF2DB00-5765-47B0-9D4D-12A76DC1B340}"
EndProject
Project("{9A19103F-16F7-4668-BE54-9A1E7A4F7556}") = "LoggerService", "LoggerService\LoggerService.csproj", "{D2FD7689-056E-4809-8150-F74B73E62E22}"
EndProject
Project("{9A19103F-16F7-4668-BE54-9A1E7A4F7556}") = "Entities", "Entities\Entities.csproj", "{D7886C3F-6822-4053-8E01-97836F90A77C}"
EndProject
Project("{9A19103F-16F7-4668-BE54-9A1E7A4F7556}") = "Repository", "Repository\Repository.csproj", "{7493D843-D012-405E-9FCD-6797549B2B13}"
EndProject
Project("{9A19103F-16F7-4668-BE54-9A1E7A4F7556}") = "Services.Contracts", "Services.Contracts\Services.Contracts.csproj", "{4E6DF9A4-FB7E-4298-A95A-D9C283B65A34}"
EndProject
Project("{9A19103F-16F7-4668-BE54-9A1E7A4F7556}") = "Service", "Service\Service.csproj", "{40ED3713-D9B8-40CB-AA98-18C807C81E37}"
EndProject
Project("{FAE04EC0-301F-11D3-BF4B-00C04F79EFBC}") = "CompanyHR.Presentation", "CompanyHR.Presentation\CompanyHR.Presentation.csproj", "{B065D344-17B7-43FF-AA8F-A49110620C4F}"
EndProject
Global
	GlobalSection(SolutionConfigurationPlatforms) = preSolution
		Debug|Any CPU = Debug|Any CPU
		Release|Any CPU = Release|Any CPU
	EndGlobalSection
	GlobalSection(ProjectConfigurationPlatforms) = postSolution
		{7EF73A13-CA21-41C7-A8F2-AC7B781E0B19}.Debug|Any CPU.ActiveCfg = Debug|Any CPU
		{7EF73A13-CA21-41C7-A8F2-AC7B781E0B19}.Debug|Any CPU.Build.0 = Debug|Any CPU
		{7EF73A13-CA21-41C7-A8F2-AC7B781E0B19}.Release|Any CPU.ActiveCfg = Release|Any CPU
		{7EF73A13-CA21-41C7-A8F2-AC7B781E0B19}.Release|Any CPU.Build.0 = Release|Any CPU
		{6CF2DB00-5765-47B0-9D4D-12A76DC1B340}.Debug|Any CPU.ActiveCfg = Debug|Any CPU
		{6CF2DB00-5765-47B0-9D4D-12A76DC1B340}.Debug|Any CPU.Build.0 = Debug|Any CPU
		{6CF2DB00-5765-47B0-9D4D-12A76DC1B340}.Release|Any CPU.ActiveCfg = Release|Any CPU
		{6CF2DB00-5765-47B0-9D4D-12A76DC1B340}.Release|Any CPU.Build.0 = Release|Any CPU
		{D2FD7689-056E-4809-8150-F74B73E62E22}.Debug|Any CPU.ActiveCfg = Debug|Any CPU
		{D2FD7689-056E-4809-8150-F74B73E62E22}.Debug|Any CPU.Build.0 = Debug|Any CPU
		{D2FD7689-056E-4809-8150-F74B73E62E22}.Release|Any CPU.ActiveCfg = Release|Any CPU
		{D2FD7689-056E-4809-8150-F74B73E62E22}.Release|Any CPU.Build.0 = Release|Any CPU
		{D7886C3F-6822-4053-8E01-97836F90A77C}.Debug|Any CPU.ActiveCfg = Debug|Any CPU
		{D7886C3F-6822-4053-8E01-97836F90A77C}.Debug|Any CPU.Build.0 = Debug|Any CPU
		{D7886C3F-6822-4053-8E01-97836F90A77C}.Release|Any CPU.ActiveCfg = Release|Any CPU
		{D7886C3F-6822-4053-8E01-97836F90A77C}.Release|Any CPU.Build.0 = Release|Any CPU
		{7493D843-D012-405E-9FCD-6797549B2B13}.Debug|Any CPU.ActiveCfg = Debug|Any CPU
		{7493D843-D012-405E-9FCD-6797549B2B13}.Debug|Any CPU.Build.0 = Debug|Any CPU
		{7493D843-D012-405E-9FCD-6797549B2B13}.Release|Any CPU.ActiveCfg = Release|Any CPU
		{7493D843-D012-405E-9FCD-6797549B2B13}.Release|Any CPU.Build.0 = Release|Any CPU
		{4E6DF9A4-FB7E-4298-A95A-D9C283B65A34}.Debug|Any CPU.ActiveCfg = Debug|Any CPU
		{4E6DF9A4-FB7E-4298-A95A-D9C283B65A34}.Debug|Any CPU.Build.0 = Debug|Any CPU
		{4E6DF9A4-FB7E-4298-A95A-D9C283B65A34}.Release|Any CPU.ActiveCfg = Release|Any CPU
		{4E6DF9A4-FB7E-4298-A95A-D9C283B65A34}.Release|Any CPU.Build.0 = Release|Any CPU
		{40ED3713-D9B8-40CB-AA98-18C807C81E37}.Debug|Any CPU.ActiveCfg = Debug|Any CPU
		{40ED3713-D9B8-40CB-AA98-18C807C81E37}.Debug|Any CPU.Build.0 = Debug|Any CPU
		{40ED3713-D9B8-40CB-AA98-18C807C81E37}.Release|Any CPU.ActiveCfg = Release|Any CPU
		{40ED3713-D9B8-40CB-AA98-18C807C81E37}.Release|Any CPU.Build.0 = Release|Any CPU
		{B065D344-17B7-43FF-AA8F-A49110620C4F}.Debug|Any CPU.ActiveCfg = Debug|Any CPU
		{B065D344-17B7-43FF-AA8F-A49110620C4F}.Debug|Any CPU.Build.0 = Debug|Any CPU
		{B065D344-17B7-43FF-AA8F-A49110620C4F}.Release|Any CPU.ActiveCfg = Release|Any CPU
		{B065D344-17B7-43FF-AA8F-A49110620C4F}.Release|Any CPU.Build.0 = Release|Any CPU
	EndGlobalSection
	GlobalSection(SolutionProperties) = preSolution
		HideSolutionNode = FALSE
	EndGlobalSection
	GlobalSection(ExtensibilityGlobals) = postSolution
		SolutionGuid = {08C098E7-100B-41E4-AE7F-3ED5FDFED4B9}
	EndGlobalSection
EndGlobal
